// !$*UTF8*$!
{
	archiveVersion = 1;
	classes = {
	};
	objectVersion = 46;
	objects = {

/* Begin PBXBuildFile section */
		FC42737D1DC3218700743E06 /* main.m in Sources */ = {isa = PBXBuildFile; fileRef = FC42737C1DC3218700743E06 /* main.m */; };
		FC4273801DC3218700743E06 /* AppDelegate.m in Sources */ = {isa = PBXBuildFile; fileRef = FC42737F1DC3218700743E06 /* AppDelegate.m */; };
		FC4273831DC3218700743E06 /* ViewController.m in Sources */ = {isa = PBXBuildFile; fileRef = FC4273821DC3218700743E06 /* ViewController.m */; };
		FC4273861DC3218700743E06 /* Main.storyboard in Resources */ = {isa = PBXBuildFile; fileRef = FC4273841DC3218700743E06 /* Main.storyboard */; };
		FC4273881DC3218700743E06 /* Assets.xcassets in Resources */ = {isa = PBXBuildFile; fileRef = FC4273871DC3218700743E06 /* Assets.xcassets */; };
		FC42738B1DC3218700743E06 /* LaunchScreen.storyboard in Resources */ = {isa = PBXBuildFile; fileRef = FC4273891DC3218700743E06 /* LaunchScreen.storyboard */; };
		FC4273961DC3218700743E06 /* CoreAnimationTests.m in Sources */ = {isa = PBXBuildFile; fileRef = FC4273951DC3218700743E06 /* CoreAnimationTests.m */; };
		FC4273A11DC3218700743E06 /* CoreAnimationUITests.m in Sources */ = {isa = PBXBuildFile; fileRef = FC4273A01DC3218700743E06 /* CoreAnimationUITests.m */; };
/* End PBXBuildFile section */

/* Begin PBXContainerItemProxy section */
		FC4273921DC3218700743E06 /* PBXContainerItemProxy */ = {
			isa = PBXContainerItemProxy;
			containerPortal = FC4273701DC3218700743E06 /* Project object */;
			proxyType = 1;
			remoteGlobalIDString = FC4273771DC3218700743E06;
			remoteInfo = CoreAnimation;
		};
		FC42739D1DC3218700743E06 /* PBXContainerItemProxy */ = {
			isa = PBXContainerItemProxy;
			containerPortal = FC4273701DC3218700743E06 /* Project object */;
			proxyType = 1;
			remoteGlobalIDString = FC4273771DC3218700743E06;
			remoteInfo = CoreAnimation;
		};
/* End PBXContainerItemProxy section */

/* Begin PBXFileReference section */
		FC4273781DC3218700743E06 /* CoreAnimation.app */ = {isa = PBXFileReference; explicitFileType = wrapper.application; includeInIndex = 0; path = CoreAnimation.app; sourceTree = BUILT_PRODUCTS_DIR; };
		FC42737C1DC3218700743E06 /* main.m */ = {isa = PBXFileReference; lastKnownFileType = sourcecode.c.objc; path = main.m; sourceTree = "<group>"; };
		FC42737E1DC3218700743E06 /* AppDelegate.h */ = {isa = PBXFileReference; lastKnownFileType = sourcecode.c.h; path = AppDelegate.h; sourceTree = "<group>"; };
		FC42737F1DC3218700743E06 /* AppDelegate.m */ = {isa = PBXFileReference; lastKnownFileType = sourcecode.c.objc; path = AppDelegate.m; sourceTree = "<group>"; };
		FC4273811DC3218700743E06 /* ViewController.h */ = {isa = PBXFileReference; lastKnownFileType = sourcecode.c.h; path = ViewController.h; sourceTree = "<group>"; };
		FC4273821DC3218700743E06 /* ViewController.m */ = {isa = PBXFileReference; lastKnownFileType = sourcecode.c.objc; path = ViewController.m; sourceTree = "<group>"; };
		FC4273851DC3218700743E06 /* Base */ = {isa = PBXFileReference; lastKnownFileType = file.storyboard; name = Base; path = Base.lproj/Main.storyboard; sourceTree = "<group>"; };
		FC4273871DC3218700743E06 /* Assets.xcassets */ = {isa = PBXFileReference; lastKnownFileType = folder.assetcatalog; path = Assets.xcassets; sourceTree = "<group>"; };
		FC42738A1DC3218700743E06 /* Base */ = {isa = PBXFileReference; lastKnownFileType = file.storyboard; name = Base; path = Base.lproj/LaunchScreen.storyboard; sourceTree = "<group>"; };
		FC42738C1DC3218700743E06 /* Info.plist */ = {isa = PBXFileReference; lastKnownFileType = text.plist.xml; path = Info.plist; sourceTree = "<group>"; };
		FC4273911DC3218700743E06 /* CoreAnimationTests.xctest */ = {isa = PBXFileReference; explicitFileType = wrapper.cfbundle; includeInIndex = 0; path = CoreAnimationTests.xctest; sourceTree = BUILT_PRODUCTS_DIR; };
		FC4273951DC3218700743E06 /* CoreAnimationTests.m */ = {isa = PBXFileReference; lastKnownFileType = sourcecode.c.objc; path = CoreAnimationTests.m; sourceTree = "<group>"; };
		FC4273971DC3218700743E06 /* Info.plist */ = {isa = PBXFileReference; lastKnownFileType = text.plist.xml; path = Info.plist; sourceTree = "<group>"; };
		FC42739C1DC3218700743E06 /* CoreAnimationUITests.xctest */ = {isa = PBXFileReference; explicitFileType = wrapper.cfbundle; includeInIndex = 0; path = CoreAnimationUITests.xctest; sourceTree = BUILT_PRODUCTS_DIR; };
		FC4273A01DC3218700743E06 /* CoreAnimationUITests.m */ = {isa = PBXFileReference; lastKnownFileType = sourcecode.c.objc; path = CoreAnimationUITests.m; sourceTree = "<group>"; };
		FC4273A21DC3218700743E06 /* Info.plist */ = {isa = PBXFileReference; lastKnownFileType = text.plist.xml; path = Info.plist; sourceTree = "<group>"; };
		FCDF20F11DC326BE00C03849 /* config.pch */ = {isa = PBXFileReference; fileEncoding = 4; lastKnownFileType = sourcecode.c.h; path = config.pch; sourceTree = "<group>"; };
/* End PBXFileReference section */

/* Begin PBXFrameworksBuildPhase section */
		FC4273751DC3218700743E06 /* Frameworks */ = {
			isa = PBXFrameworksBuildPhase;
			buildActionMask = 2147483647;
			files = (
			);
			runOnlyForDeploymentPostprocessing = 0;
		};
		FC42738E1DC3218700743E06 /* Frameworks */ = {
			isa = PBXFrameworksBuildPhase;
			buildActionMask = 2147483647;
			files = (
			);
			runOnlyForDeploymentPostprocessing = 0;
		};
		FC4273991DC3218700743E06 /* Frameworks */ = {
			isa = PBXFrameworksBuildPhase;
			buildActionMask = 2147483647;
			files = (
			);
			runOnlyForDeploymentPostprocessing = 0;
		};
/* End PBXFrameworksBuildPhase section */

/* Begin PBXGroup section */
		FC42736F1DC3218700743E06 = {
			isa = PBXGroup;
			children = (
				FC42737A1DC3218700743E06 /* CoreAnimation */,
				FC4273941DC3218700743E06 /* CoreAnimationTests */,
				FC42739F1DC3218700743E06 /* CoreAnimationUITests */,
				FC4273791DC3218700743E06 /* Products */,
			);
			sourceTree = "<group>";
		};
		FC4273791DC3218700743E06 /* Products */ = {
			isa = PBXGroup;
			children = (
				FC4273781DC3218700743E06 /* CoreAnimation.app */,
				FC4273911DC3218700743E06 /* CoreAnimationTests.xctest */,
				FC42739C1DC3218700743E06 /* CoreAnimationUITests.xctest */,
			);
			name = Products;
			sourceTree = "<group>";
		};
		FC42737A1DC3218700743E06 /* CoreAnimation */ = {
			isa = PBXGroup;
			children = (
				FC42737E1DC3218700743E06 /* AppDelegate.h */,
				FC42737F1DC3218700743E06 /* AppDelegate.m */,
				FCDF20F11DC326BE00C03849 /* config.pch */,
				FC4273811DC3218700743E06 /* ViewController.h */,
				FC4273821DC3218700743E06 /* ViewController.m */,
				FC4273841DC3218700743E06 /* Main.storyboard */,
				FC4273871DC3218700743E06 /* Assets.xcassets */,
				FC4273891DC3218700743E06 /* LaunchScreen.storyboard */,
				FC42738C1DC3218700743E06 /* Info.plist */,
				FC42737B1DC3218700743E06 /* Supporting Files */,
			);
			path = CoreAnimation;
			sourceTree = "<group>";
		};
		FC42737B1DC3218700743E06 /* Supporting Files */ = {
			isa = PBXGroup;
			children = (
				FC42737C1DC3218700743E06 /* main.m */,
			);
			name = "Supporting Files";
			sourceTree = "<group>";
		};
		FC4273941DC3218700743E06 /* CoreAnimationTests */ = {
			isa = PBXGroup;
			children = (
				FC4273951DC3218700743E06 /* CoreAnimationTests.m */,
				FC4273971DC3218700743E06 /* Info.plist */,
			);
			path = CoreAnimationTests;
			sourceTree = "<group>";
		};
		FC42739F1DC3218700743E06 /* CoreAnimationUITests */ = {
			isa = PBXGroup;
			children = (
				FC4273A01DC3218700743E06 /* CoreAnimationUITests.m */,
				FC4273A21DC3218700743E06 /* Info.plist */,
			);
			path = CoreAnimationUITests;
			sourceTree = "<group>";
		};
/* End PBXGroup section */

/* Begin PBXNativeTarget section */
		FC4273771DC3218700743E06 /* CoreAnimation */ = {
			isa = PBXNativeTarget;
			buildConfigurationList = FC4273A51DC3218700743E06 /* Build configuration list for PBXNativeTarget "CoreAnimation" */;
			buildPhases = (
				FC4273741DC3218700743E06 /* Sources */,
				FC4273751DC3218700743E06 /* Frameworks */,
				FC4273761DC3218700743E06 /* Resources */,
			);
			buildRules = (
			);
			dependencies = (
			);
			name = CoreAnimation;
			productName = CoreAnimation;
			productReference = FC4273781DC3218700743E06 /* CoreAnimation.app */;
			productType = "com.apple.product-type.application";
		};
		FC4273901DC3218700743E06 /* CoreAnimationTests */ = {
			isa = PBXNativeTarget;
			buildConfigurationList = FC4273A81DC3218700743E06 /* Build configuration list for PBXNativeTarget "CoreAnimationTests" */;
			buildPhases = (
				FC42738D1DC3218700743E06 /* Sources */,
				FC42738E1DC3218700743E06 /* Frameworks */,
				FC42738F1DC3218700743E06 /* Resources */,
			);
			buildRules = (
			);
			dependencies = (
				FC4273931DC3218700743E06 /* PBXTargetDependency */,
			);
			name = CoreAnimationTests;
			productName = CoreAnimationTests;
			productReference = FC4273911DC3218700743E06 /* CoreAnimationTests.xctest */;
			productType = "com.apple.product-type.bundle.unit-test";
		};
		FC42739B1DC3218700743E06 /* CoreAnimationUITests */ = {
			isa = PBXNativeTarget;
			buildConfigurationList = FC4273AB1DC3218700743E06 /* Build configuration list for PBXNativeTarget "CoreAnimationUITests" */;
			buildPhases = (
				FC4273981DC3218700743E06 /* Sources */,
				FC4273991DC3218700743E06 /* Frameworks */,
				FC42739A1DC3218700743E06 /* Resources */,
			);
			buildRules = (
			);
			dependencies = (
				FC42739E1DC3218700743E06 /* PBXTargetDependency */,
			);
			name = CoreAnimationUITests;
			productName = CoreAnimationUITests;
			productReference = FC42739C1DC3218700743E06 /* CoreAnimationUITests.xctest */;
			productType = "com.apple.product-type.bundle.ui-testing";
		};
/* End PBXNativeTarget section */

/* Begin PBXProject section */
		FC4273701DC3218700743E06 /* Project object */ = {
			isa = PBXProject;
			attributes = {
				LastUpgradeCheck = 0800;
				ORGANIZATIONNAME = konglee;
				TargetAttributes = {
					FC4273771DC3218700743E06 = {
						CreatedOnToolsVersion = 8.0;
						DevelopmentTeam = 628LRYYF8F;
						ProvisioningStyle = Automatic;
					};
					FC4273901DC3218700743E06 = {
						CreatedOnToolsVersion = 8.0;
						DevelopmentTeam = 628LRYYF8F;
						ProvisioningStyle = Automatic;
						TestTargetID = FC4273771DC3218700743E06;
					};
					FC42739B1DC3218700743E06 = {
						CreatedOnToolsVersion = 8.0;
						DevelopmentTeam = 628LRYYF8F;
						ProvisioningStyle = Automatic;
						TestTargetID = FC4273771DC3218700743E06;
					};
				};
			};
			buildConfigurationList = FC4273731DC3218700743E06 /* Build configuration list for PBXProject "CoreAnimation" */;
			compatibilityVersion = "Xcode 3.2";
			developmentRegion = English;
			hasScannedForEncodings = 0;
			knownRegions = (
				en,
				Base,
			);
			mainGroup = FC42736F1DC3218700743E06;
			productRefGroup = FC4273791DC3218700743E06 /* Products */;
			projectDirPath = "";
			projectRoot = "";
			targets = (
				FC4273771DC3218700743E06 /* CoreAnimation */,
				FC4273901DC3218700743E06 /* CoreAnimationTests */,
				FC42739B1DC3218700743E06 /* CoreAnimationUITests */,
			);
		};
/* End PBXProject section */

/* Begin PBXResourcesBuildPhase section */
		FC4273761DC3218700743E06 /* Resources */ = {
			isa = PBXResourcesBuildPhase;
			buildActionMask = 2147483647;
			files = (
				FC42738B1DC3218700743E06 /* LaunchScreen.storyboard in Resources */,
				FC4273881DC3218700743E06 /* Assets.xcassets in Resources */,
				FC4273861DC3218700743E06 /* Main.storyboard in Resources */,
			);
			runOnlyForDeploymentPostprocessing = 0;
		};
		FC42738F1DC3218700743E06 /* Resources */ = {
			isa = PBXResourcesBuildPhase;
			buildActionMask = 2147483647;
			files = (
			);
			runOnlyForDeploymentPostprocessing = 0;
		};
		FC42739A1DC3218700743E06 /* Resources */ = {
			isa = PBXResourcesBuildPhase;
			buildActionMask = 2147483647;
			files = (
			);
			runOnlyForDeploymentPostprocessing = 0;
		};
/* End PBXResourcesBuildPhase section */

/* Begin PBXSourcesBuildPhase section */
		FC4273741DC3218700743E06 /* Sources */ = {
			isa = PBXSourcesBuildPhase;
			buildActionMask = 2147483647;
			files = (
				FC4273831DC3218700743E06 /* ViewController.m in Sources */,
				FC4273801DC3218700743E06 /* AppDelegate.m in Sources */,
				FC42737D1DC3218700743E06 /* main.m in Sources */,
			);
			runOnlyForDeploymentPostprocessing = 0;
		};
		FC42738D1DC3218700743E06 /* Sources */ = {
			isa = PBXSourcesBuildPhase;
			buildActionMask = 2147483647;
			files = (
				FC4273961DC3218700743E06 /* CoreAnimationTests.m in Sources */,
			);
			runOnlyForDeploymentPostprocessing = 0;
		};
		FC4273981DC3218700743E06 /* Sources */ = {
			isa = PBXSourcesBuildPhase;
			buildActionMask = 2147483647;
			files = (
				FC4273A11DC3218700743E06 /* CoreAnimationUITests.m in Sources */,
			);
			runOnlyForDeploymentPostprocessing = 0;
		};
/* End PBXSourcesBuildPhase section */

/* Begin PBXTargetDependency section */
		FC4273931DC3218700743E06 /* PBXTargetDependency */ = {
			isa = PBXTargetDependency;
			target = FC4273771DC3218700743E06 /* CoreAnimation */;
			targetProxy = FC4273921DC3218700743E06 /* PBXContainerItemProxy */;
		};
		FC42739E1DC3218700743E06 /* PBXTargetDependency */ = {
			isa = PBXTargetDependency;
			target = FC4273771DC3218700743E06 /* CoreAnimation */;
			targetProxy = FC42739D1DC3218700743E06 /* PBXContainerItemProxy */;
		};
/* End PBXTargetDependency section */

/* Begin PBXVariantGroup section */
		FC4273841DC3218700743E06 /* Main.storyboard */ = {
			isa = PBXVariantGroup;
			children = (
				FC4273851DC3218700743E06 /* Base */,
			);
			name = Main.storyboard;
			sourceTree = "<group>";
		};
		FC4273891DC3218700743E06 /* LaunchScreen.storyboard */ = {
			isa = PBXVariantGroup;
			children = (
				FC42738A1DC3218700743E06 /* Base */,
			);
			name = LaunchScreen.storyboard;
			sourceTree = "<group>";
		};
/* End PBXVariantGroup section */

/* Begin XCBuildConfiguration section */
		FC4273A31DC3218700743E06 /* Debug */ = {
			isa = XCBuildConfiguration;
			buildSettings = {
				ALWAYS_SEARCH_USER_PATHS = NO;
				CLANG_ANALYZER_NONNULL = YES;
				CLANG_CXX_LANGUAGE_STANDARD = "gnu++0x";
				CLANG_CXX_LIBRARY = "libc++";
				CLANG_ENABLE_MODULES = YES;
				CLANG_ENABLE_OBJC_ARC = YES;
				CLANG_WARN_BOOL_CONVERSION = YES;
				CLANG_WARN_CONSTANT_CONVERSION = YES;
				CLANG_WARN_DIRECT_OBJC_ISA_USAGE = YES_ERROR;
				CLANG_WARN_DOCUMENTATION_COMMENTS = YES;
				CLANG_WARN_EMPTY_BODY = YES;
				CLANG_WARN_ENUM_CONVERSION = YES;
				CLANG_WARN_INFINITE_RECURSION = YES;
				CLANG_WARN_INT_CONVERSION = YES;
				CLANG_WARN_OBJC_ROOT_CLASS = YES_ERROR;
				CLANG_WARN_SUSPICIOUS_MOVES = YES;
				CLANG_WARN_UNREACHABLE_CODE = YES;
				CLANG_WARN__DUPLICATE_METHOD_MATCH = YES;
				"CODE_SIGN_IDENTITY[sdk=iphoneos*]" = "iPhone Developer";
				COPY_PHASE_STRIP = NO;
				DEBUG_INFORMATION_FORMAT = dwarf;
				ENABLE_STRICT_OBJC_MSGSEND = YES;
				ENABLE_TESTABILITY = YES;
				GCC_C_LANGUAGE_STANDARD = gnu99;
				GCC_DYNAMIC_NO_PIC = NO;
				GCC_NO_COMMON_BLOCKS = YES;
				GCC_OPTIMIZATION_LEVEL = 0;
				GCC_PREPROCESSOR_DEFINITIONS = (
					"DEBUG=1",
					"$(inherited)",
				);
				GCC_WARN_64_TO_32_BIT_CONVERSION = YES;
				GCC_WARN_ABOUT_RETURN_TYPE = YES_ERROR;
				GCC_WARN_UNDECLARED_SELECTOR = YES;
				GCC_WARN_UNINITIALIZED_AUTOS = YES_AGGRESSIVE;
				GCC_WARN_UNUSED_FUNCTION = YES;
				GCC_WARN_UNUSED_VARIABLE = YES;
				IPHONEOS_DEPLOYMENT_TARGET = 10.0;
				MTL_ENABLE_DEBUG_INFO = YES;
				ONLY_ACTIVE_ARCH = YES;
				SDKROOT = iphoneos;
				TARGETED_DEVICE_FAMILY = "1,2";
			};
			name = Debug;
		};
		FC4273A41DC3218700743E06 /* Release */ = {
			isa = XCBuildConfiguration;
			buildSettings = {
				ALWAYS_SEARCH_USER_PATHS = NO;
				CLANG_ANALYZER_NONNULL = YES;
				CLANG_CXX_LANGUAGE_STANDARD = "gnu++0x";
				CLANG_CXX_LIBRARY = "libc++";
				CLANG_ENABLE_MODULES = YES;
				CLANG_ENABLE_OBJC_ARC = YES;
				CLANG_WARN_BOOL_CONVERSION = YES;
				CLANG_WARN_CONSTANT_CONVERSION = YES;
				CLANG_WARN_DIRECT_OBJC_ISA_USAGE = YES_ERROR;
				CLANG_WARN_DOCUMENTATION_COMMENTS = YES;
				CLANG_WARN_EMPTY_BODY = YES;
				CLANG_WARN_ENUM_CONVERSION = YES;
				CLANG_WARN_INFINITE_RECURSION = YES;
				CLANG_WARN_INT_CONVERSION = YES;
				CLANG_WARN_OBJC_ROOT_CLASS = YES_ERROR;
				CLANG_WARN_SUSPICIOUS_MOVES = YES;
				CLANG_WARN_UNREACHABLE_CODE = YES;
				CLANG_WARN__DUPLICATE_METHOD_MATCH = YES;
				"CODE_SIGN_IDENTITY[sdk=iphoneos*]" = "iPhone Developer";
				COPY_PHASE_STRIP = NO;
				DEBUG_INFORMATION_FORMAT = "dwarf-with-dsym";
				ENABLE_NS_ASSERTIONS = NO;
				ENABLE_STRICT_OBJC_MSGSEND = YES;
				GCC_C_LANGUAGE_STANDARD = gnu99;
				GCC_NO_COMMON_BLOCKS = YES;
				GCC_WARN_64_TO_32_BIT_CONVERSION = YES;
				GCC_WARN_ABOUT_RETURN_TYPE = YES_ERROR;
				GCC_WARN_UNDECLARED_SELECTOR = YES;
				GCC_WARN_UNINITIALIZED_AUTOS = YES_AGGRESSIVE;
				GCC_WARN_UNUSED_FUNCTION = YES;
				GCC_WARN_UNUSED_VARIABLE = YES;
				IPHONEOS_DEPLOYMENT_TARGET = 10.0;
				MTL_ENABLE_DEBUG_INFO = NO;
				SDKROOT = iphoneos;
				TARGETED_DEVICE_FAMILY = "1,2";
				VALIDATE_PRODUCT = YES;
			};
			name = Release;
		};
		FC4273A61DC3218700743E06 /* Debug */ = {
			isa = XCBuildConfiguration;
			buildSettings = {
				ASSETCATALOG_COMPILER_APPICON_NAME = AppIcon;
				DEVELOPMENT_TEAM = 628LRYYF8F;
				GCC_PREFIX_HEADER = "$(SRCROOT)/CoreAnimation/config.pch";
				INFOPLIST_FILE = CoreAnimation/Info.plist;
				IPHONEOS_DEPLOYMENT_TARGET = 9.0;
				LD_RUNPATH_SEARCH_PATHS = "$(inherited) @executable_path/Frameworks";
				PRODUCT_BUNDLE_IDENTIFIER = com.konglee.CoreAnimation;
				PRODUCT_NAME = "$(TARGET_NAME)";
			};
			name = Debug;
		};
		FC4273A71DC3218700743E06 /* Release */ = {
			isa = XCBuildConfiguration;
			buildSettings = {
				ASSETCATALOG_COMPILER_APPICON_NAME = AppIcon;
				DEVELOPMENT_TEAM = 628LRYYF8F;
				GCC_PREFIX_HEADER = "$(SRCROOT)/CoreAnimation/config.pch";
				INFOPLIST_FILE = CoreAnimation/Info.plist;
				IPHONEOS_DEPLOYMENT_TARGET = 9.0;
				LD_RUNPATH_SEARCH_PATHS = "$(inherited) @executable_path/Frameworks";
				PRODUCT_BUNDLE_IDENTIFIER = com.konglee.CoreAnimation;
				PRODUCT_NAME = "$(TARGET_NAME)";
			};
			name = Release;
		};
		FC4273A91DC3218700743E06 /* Debug */ = {
			isa = XCBuildConfiguration;
			buildSettings = {
				BUNDLE_LOADER = "$(TEST_HOST)";
				DEVELOPMENT_TEAM = 628LRYYF8F;
				INFOPLIST_FILE = CoreAnimationTests/Info.plist;
				LD_RUNPATH_SEARCH_PATHS = "$(inherited) @executable_path/Frameworks @loader_path/Frameworks";
				PRODUCT_BUNDLE_IDENTIFIER = com.konglee.CoreAnimationTests;
				PRODUCT_NAME = "$(TARGET_NAME)";
				TEST_HOST = "$(BUILT_PRODUCTS_DIR)/CoreAnimation.app/CoreAnimation";
			};
			name = Debug;
		};
		FC4273AA1DC3218700743E06 /* Release */ = {
			isa = XCBuildConfiguration;
			buildSettings = {
				BUNDLE_LOADER = "$(TEST_HOST)";
				DEVELOPMENT_TEAM = 628LRYYF8F;
				INFOPLIST_FILE = CoreAnimationTests/Info.plist;
				LD_RUNPATH_SEARCH_PATHS = "$(inherited) @executable_path/Frameworks @loader_path/Frameworks";
				PRODUCT_BUNDLE_IDENTIFIER = com.konglee.CoreAnimationTests;
				PRODUCT_NAME = "$(TARGET_NAME)";
				TEST_HOST = "$(BUILT_PRODUCTS_DIR)/CoreAnimation.app/CoreAnimation";
			};
			name = Release;
		};
		FC4273AC1DC3218700743E06 /* Debug */ = {
			isa = XCBuildConfiguration;
			buildSettings = {
				DEVELOPMENT_TEAM = 628LRYYF8F;
				INFOPLIST_FILE = CoreAnimationUITests/Info.plist;
				LD_RUNPATH_SEARCH_PATHS = "$(inherited) @executable_path/Frameworks @loader_path/Frameworks";
				PRODUCT_BUNDLE_IDENTIFIER = com.konglee.CoreAnimationUITests;
				PRODUCT_NAME = "$(TARGET_NAME)";
				TEST_TARGET_NAME = CoreAnimation;
			};
			name = Debug;
		};
		FC4273AD1DC3218700743E06 /* Release */ = {
			isa = XCBuildConfiguration;
			buildSettings = {
				DEVELOPMENT_TEAM = 628LRYYF8F;
				INFOPLIST_FILE = CoreAnimationUITests/Info.plist;
				LD_RUNPATH_SEARCH_PATHS = "$(inherited) @executable_path/Frameworks @loader_path/Frameworks";
				PRODUCT_BUNDLE_IDENTIFIER = com.konglee.CoreAnimationUITests;
				PRODUCT_NAME = "$(TARGET_NAME)";
				TEST_TARGET_NAME = CoreAnimation;
			};
			name = Release;
		};
/* End XCBuildConfiguration section */

/* Begin XCConfigurationList section */
		FC4273731DC3218700743E06 /* Build configuration list for PBXProject "CoreAnimation" */ = {
			isa = XCConfigurationList;
			buildConfigurations = (
				FC4273A31DC3218700743E06 /* Debug */,
				FC4273A41DC3218700743E06 /* Release */,
			);
			defaultConfigurationIsVisible = 0;
			defaultConfigurationName = Release;
		};
		FC4273A51DC3218700743E06 /* Build configuration list for PBXNativeTarget "CoreAnimation" */ = {
			isa = XCConfigurationList;
			buildConfigurations = (
				FC4273A61DC3218700743E06 /* Debug */,
				FC4273A71DC3218700743E06 /* Release */,
			);
			defaultConfigurationIsVisible = 0;
			defaultConfigurationName = Release;
		};
		FC4273A81DC3218700743E06 /* Build configuration list for PBXNativeTarget "CoreAnimationTests" */ = {
			isa = XCConfigurationList;
			buildConfigurations = (
				FC4273A91DC3218700743E06 /* Debug */,
				FC4273AA1DC3218700743E06 /* Release */,
			);
			defaultConfigurationIsVisible = 0;
			defaultConfigurationName = Release;
		};
		FC4273AB1DC3218700743E06 /* Build configuration list for PBXNativeTarget "CoreAnimationUITests" */ = {
			isa = XCConfigurationList;
			buildConfigurations = (
				FC4273AC1DC3218700743E06 /* Debug */,
				FC4273AD1DC3218700743E06 /* Release */,
			);
			defaultConfigurationIsVisible = 0;
			defaultConfigurationName = Release;
		};
/* End XCConfigurationList section */
	};
	rootObject = FC4273701DC3218700743E06 /* Project object */;
}
